
Microsoft Visual Studio Solution File, Format Version 12.00
# Visual Studio Version 17
VisualStudioVersion = 17.6.33801.468
MinimumVisualStudioVersion = 10.0.40219.1
Project("{FAE04EC0-301F-11D3-BF4B-00C04F79EFBC}") = "ShoppingApi", "ShoppingApi\ShoppingApi.csproj", "{1440CE0F-075D-4370-89C5-F361346E81CB}"
EndProject
Global
	GlobalSection(SolutionConfigurationPlatforms) = preSolution
		Debug|Any CPU = Debug|Any CPU
		Release|Any CPU = Release|Any CPU
	EndGlobalSection
	GlobalSection(ProjectConfigurationPlatforms) = postSolution
		{1440CE0F-075D-4370-89C5-F361346E81CB}.Debug|Any CPU.ActiveCfg = Debug|Any CPU
		{1440CE0F-075D-4370-89C5-F361346E81CB}.Debug|Any CPU.Build.0 = Debug|Any CPU
		{1440CE0F-075D-4370-89C5-F361346E81CB}.Release|Any CPU.ActiveCfg = Release|Any CPU
		{1440CE0F-075D-4370-89C5-F361346E81CB}.Release|Any CPU.Build.0 = Release|Any CPU
	EndGlobalSection
	GlobalSection(SolutionProperties) = preSolution
		HideSolutionNode = FALSE
	EndGlobalSection
	GlobalSection(ExtensibilityGlobals) = postSolution
		SolutionGuid = {964E4915-A93F-4934-A12A-DB821E854C6B}
	EndGlobalSection
EndGlobal
